// !$*UTF8*$!
{
	archiveVersion = 1;
	classes = {
	};
	objectVersion = 46;
	objects = {

/* Begin PBXBuildFile section */
		D95424891867EF2F0099D260 /* Foundation.framework in Frameworks */ = {isa = PBXBuildFile; fileRef = D95424881867EF2F0099D260 /* Foundation.framework */; };
		D954248B1867EF2F0099D260 /* CoreGraphics.framework in Frameworks */ = {isa = PBXBuildFile; fileRef = D954248A1867EF2F0099D260 /* CoreGraphics.framework */; };
		D954248D1867EF2F0099D260 /* UIKit.framework in Frameworks */ = {isa = PBXBuildFile; fileRef = D954248C1867EF2F0099D260 /* UIKit.framework */; };
		D95424931867EF2F0099D260 /* InfoPlist.strings in Resources */ = {isa = PBXBuildFile; fileRef = D95424911867EF2F0099D260 /* InfoPlist.strings */; };
		D95424951867EF2F0099D260 /* main.m in Sources */ = {isa = PBXBuildFile; fileRef = D95424941867EF2F0099D260 /* main.m */; };
		D95424991867EF2F0099D260 /* AppDelegate.m in Sources */ = {isa = PBXBuildFile; fileRef = D95424981867EF2F0099D260 /* AppDelegate.m */; };
		D954249B1867EF2F0099D260 /* Images.xcassets in Resources */ = {isa = PBXBuildFile; fileRef = D954249A1867EF2F0099D260 /* Images.xcassets */; };
		D95424A21867EF2F0099D260 /* XCTest.framework in Frameworks */ = {isa = PBXBuildFile; fileRef = D95424A11867EF2F0099D260 /* XCTest.framework */; };
		D95424A31867EF2F0099D260 /* Foundation.framework in Frameworks */ = {isa = PBXBuildFile; fileRef = D95424881867EF2F0099D260 /* Foundation.framework */; };
		D95424A41867EF2F0099D260 /* UIKit.framework in Frameworks */ = {isa = PBXBuildFile; fileRef = D954248C1867EF2F0099D260 /* UIKit.framework */; };
		D95424AC1867EF2F0099D260 /* InfoPlist.strings in Resources */ = {isa = PBXBuildFile; fileRef = D95424AA1867EF2F0099D260 /* InfoPlist.strings */; };
		D95424AE1867EF2F0099D260 /* CocoaDrawImageTests.m in Sources */ = {isa = PBXBuildFile; fileRef = D95424AD1867EF2F0099D260 /* CocoaDrawImageTests.m */; };
		D95424BE1867EF7E0099D260 /* FirstViewController.m in Sources */ = {isa = PBXBuildFile; fileRef = D95424B91867EF7E0099D260 /* FirstViewController.m */; };
		D95424BF1867EF7E0099D260 /* FirstViewController.xib in Resources */ = {isa = PBXBuildFile; fileRef = D95424BA1867EF7E0099D260 /* FirstViewController.xib */; };
		D95424C01867EF7E0099D260 /* SecondViewController.m in Sources */ = {isa = PBXBuildFile; fileRef = D95424BC1867EF7E0099D260 /* SecondViewController.m */; };
		D95424C11867EF7E0099D260 /* SecondViewController.xib in Resources */ = {isa = PBXBuildFile; fileRef = D95424BD1867EF7E0099D260 /* SecondViewController.xib */; };
		D95424C5186840660099D260 /* FirstView.m in Sources */ = {isa = PBXBuildFile; fileRef = D95424C4186840660099D260 /* FirstView.m */; };
		D9E87C0F1869427700CEEE09 /* login_qq_icon@2x.png in Resources */ = {isa = PBXBuildFile; fileRef = D9E87C0E1869427700CEEE09 /* login_qq_icon@2x.png */; };
		D9E87C1318698E7100CEEE09 /* login_qq_icon.png in Resources */ = {isa = PBXBuildFile; fileRef = D9E87C1218698E7100CEEE09 /* login_qq_icon.png */; };
		D9E87C161869903B00CEEE09 /* login_normal.png in Resources */ = {isa = PBXBuildFile; fileRef = D9E87C141869903B00CEEE09 /* login_normal.png */; };
		D9E87C171869903B00CEEE09 /* login_normal@2x.png in Resources */ = {isa = PBXBuildFile; fileRef = D9E87C151869903B00CEEE09 /* login_normal@2x.png */; };
		D9E87C19186A7CFD00CEEE09 /* night_comment_zan_icon_pre@2x.png in Resources */ = {isa = PBXBuildFile; fileRef = D9E87C18186A7CFD00CEEE09 /* night_comment_zan_icon_pre@2x.png */; };
		D9E87C1B186A7F1E00CEEE09 /* girl.jpg in Resources */ = {isa = PBXBuildFile; fileRef = D9E87C1A186A7F1E00CEEE09 /* girl.jpg */; };
		D9E87C1D186A86B000CEEE09 /* image.png in Resources */ = {isa = PBXBuildFile; fileRef = D9E87C1C186A86B000CEEE09 /* image.png */; };
		D9E87C21186AC9A700CEEE09 /* AssetsLibrary.framework in Frameworks */ = {isa = PBXBuildFile; fileRef = D9E87C20186AC9A700CEEE09 /* AssetsLibrary.framework */; };
/* End PBXBuildFile section */

/* Begin PBXContainerItemProxy section */
		D95424A51867EF2F0099D260 /* PBXContainerItemProxy */ = {
			isa = PBXContainerItemProxy;
			containerPortal = D954247D1867EF2F0099D260 /* Project object */;
			proxyType = 1;
			remoteGlobalIDString = D95424841867EF2F0099D260;
			remoteInfo = CocoaDrawImage;
		};
/* End PBXContainerItemProxy section */

/* Begin PBXFileReference section */
		D95424851867EF2F0099D260 /* CocoaDrawImage.app */ = {isa = PBXFileReference; explicitFileType = wrapper.application; includeInIndex = 0; path = CocoaDrawImage.app; sourceTree = BUILT_PRODUCTS_DIR; };
		D95424881867EF2F0099D260 /* Foundation.framework */ = {isa = PBXFileReference; lastKnownFileType = wrapper.framework; name = Foundation.framework; path = System/Library/Frameworks/Foundation.framework; sourceTree = SDKROOT; };
		D954248A1867EF2F0099D260 /* CoreGraphics.framework */ = {isa = PBXFileReference; lastKnownFileType = wrapper.framework; name = CoreGraphics.framework; path = System/Library/Frameworks/CoreGraphics.framework; sourceTree = SDKROOT; };
		D954248C1867EF2F0099D260 /* UIKit.framework */ = {isa = PBXFileReference; lastKnownFileType = wrapper.framework; name = UIKit.framework; path = System/Library/Frameworks/UIKit.framework; sourceTree = SDKROOT; };
		D95424901867EF2F0099D260 /* CocoaDrawImage-Info.plist */ = {isa = PBXFileReference; lastKnownFileType = text.plist.xml; path = "CocoaDrawImage-Info.plist"; sourceTree = "<group>"; };
		D95424921867EF2F0099D260 /* en */ = {isa = PBXFileReference; lastKnownFileType = text.plist.strings; name = en; path = en.lproj/InfoPlist.strings; sourceTree = "<group>"; };
		D95424941867EF2F0099D260 /* main.m */ = {isa = PBXFileReference; lastKnownFileType = sourcecode.c.objc; path = main.m; sourceTree = "<group>"; };
		D95424961867EF2F0099D260 /* CocoaDrawImage-Prefix.pch */ = {isa = PBXFileReference; lastKnownFileType = sourcecode.c.h; path = "CocoaDrawImage-Prefix.pch"; sourceTree = "<group>"; };
		D95424971867EF2F0099D260 /* AppDelegate.h */ = {isa = PBXFileReference; lastKnownFileType = sourcecode.c.h; path = AppDelegate.h; sourceTree = "<group>"; };
		D95424981867EF2F0099D260 /* AppDelegate.m */ = {isa = PBXFileReference; lastKnownFileType = sourcecode.c.objc; path = AppDelegate.m; sourceTree = "<group>"; };
		D954249A1867EF2F0099D260 /* Images.xcassets */ = {isa = PBXFileReference; lastKnownFileType = folder.assetcatalog; path = Images.xcassets; sourceTree = "<group>"; };
		D95424A01867EF2F0099D260 /* CocoaDrawImageTests.xctest */ = {isa = PBXFileReference; explicitFileType = wrapper.cfbundle; includeInIndex = 0; path = CocoaDrawImageTests.xctest; sourceTree = BUILT_PRODUCTS_DIR; };
		D95424A11867EF2F0099D260 /* XCTest.framework */ = {isa = PBXFileReference; lastKnownFileType = wrapper.framework; name = XCTest.framework; path = Library/Frameworks/XCTest.framework; sourceTree = DEVELOPER_DIR; };
		D95424A91867EF2F0099D260 /* CocoaDrawImageTests-Info.plist */ = {isa = PBXFileReference; lastKnownFileType = text.plist.xml; path = "CocoaDrawImageTests-Info.plist"; sourceTree = "<group>"; };
		D95424AB1867EF2F0099D260 /* en */ = {isa = PBXFileReference; lastKnownFileType = text.plist.strings; name = en; path = en.lproj/InfoPlist.strings; sourceTree = "<group>"; };
		D95424AD1867EF2F0099D260 /* CocoaDrawImageTests.m */ = {isa = PBXFileReference; lastKnownFileType = sourcecode.c.objc; path = CocoaDrawImageTests.m; sourceTree = "<group>"; };
		D95424B81867EF7E0099D260 /* FirstViewController.h */ = {isa = PBXFileReference; fileEncoding = 4; lastKnownFileType = sourcecode.c.h; path = FirstViewController.h; sourceTree = "<group>"; };
		D95424B91867EF7E0099D260 /* FirstViewController.m */ = {isa = PBXFileReference; fileEncoding = 4; lastKnownFileType = sourcecode.c.objc; path = FirstViewController.m; sourceTree = "<group>"; };
		D95424BA1867EF7E0099D260 /* FirstViewController.xib */ = {isa = PBXFileReference; fileEncoding = 4; lastKnownFileType = file.xib; path = FirstViewController.xib; sourceTree = "<group>"; };
		D95424BB1867EF7E0099D260 /* SecondViewController.h */ = {isa = PBXFileReference; fileEncoding = 4; lastKnownFileType = sourcecode.c.h; path = SecondViewController.h; sourceTree = "<group>"; };
		D95424BC1867EF7E0099D260 /* SecondViewController.m */ = {isa = PBXFileReference; fileEncoding = 4; lastKnownFileType = sourcecode.c.objc; path = SecondViewController.m; sourceTree = "<group>"; };
		D95424BD1867EF7E0099D260 /* SecondViewController.xib */ = {isa = PBXFileReference; fileEncoding = 4; lastKnownFileType = file.xib; path = SecondViewController.xib; sourceTree = "<group>"; };
		D95424C3186840660099D260 /* FirstView.h */ = {isa = PBXFileReference; fileEncoding = 4; lastKnownFileType = sourcecode.c.h; path = FirstView.h; sourceTree = "<group>"; };
		D95424C4186840660099D260 /* FirstView.m */ = {isa = PBXFileReference; fileEncoding = 4; lastKnownFileType = sourcecode.c.objc; path = FirstView.m; sourceTree = "<group>"; };
		D9E87C0E1869427700CEEE09 /* login_qq_icon@2x.png */ = {isa = PBXFileReference; lastKnownFileType = image.png; path = "login_qq_icon@2x.png"; sourceTree = "<group>"; };
		D9E87C1218698E7100CEEE09 /* login_qq_icon.png */ = {isa = PBXFileReference; lastKnownFileType = image.png; path = login_qq_icon.png; sourceTree = "<group>"; };
		D9E87C141869903B00CEEE09 /* login_normal.png */ = {isa = PBXFileReference; lastKnownFileType = image.png; path = login_normal.png; sourceTree = "<group>"; };
		D9E87C151869903B00CEEE09 /* login_normal@2x.png */ = {isa = PBXFileReference; lastKnownFileType = image.png; path = "login_normal@2x.png"; sourceTree = "<group>"; };
		D9E87C18186A7CFD00CEEE09 /* night_comment_zan_icon_pre@2x.png */ = {isa = PBXFileReference; lastKnownFileType = image.png; path = "night_comment_zan_icon_pre@2x.png"; sourceTree = "<group>"; };
		D9E87C1A186A7F1E00CEEE09 /* girl.jpg */ = {isa = PBXFileReference; lastKnownFileType = image.jpeg; path = girl.jpg; sourceTree = "<group>"; };
		D9E87C1C186A86B000CEEE09 /* image.png */ = {isa = PBXFileReference; lastKnownFileType = image.png; path = image.png; sourceTree = "<group>"; };
		D9E87C20186AC9A700CEEE09 /* AssetsLibrary.framework */ = {isa = PBXFileReference; lastKnownFileType = wrapper.framework; name = AssetsLibrary.framework; path = System/Library/Frameworks/AssetsLibrary.framework; sourceTree = SDKROOT; };
/* End PBXFileReference section */

/* Begin PBXFrameworksBuildPhase section */
		D95424821867EF2F0099D260 /* Frameworks */ = {
			isa = PBXFrameworksBuildPhase;
			buildActionMask = 2147483647;
			files = (
				D9E87C21186AC9A700CEEE09 /* AssetsLibrary.framework in Frameworks */,
				D954248B1867EF2F0099D260 /* CoreGraphics.framework in Frameworks */,
				D954248D1867EF2F0099D260 /* UIKit.framework in Frameworks */,
				D95424891867EF2F0099D260 /* Foundation.framework in Frameworks */,
			);
			runOnlyForDeploymentPostprocessing = 0;
		};
		D954249D1867EF2F0099D260 /* Frameworks */ = {
			isa = PBXFrameworksBuildPhase;
			buildActionMask = 2147483647;
			files = (
				D95424A21867EF2F0099D260 /* XCTest.framework in Frameworks */,
				D95424A41867EF2F0099D260 /* UIKit.framework in Frameworks */,
				D95424A31867EF2F0099D260 /* Foundation.framework in Frameworks */,
			);
			runOnlyForDeploymentPostprocessing = 0;
		};
/* End PBXFrameworksBuildPhase section */

/* Begin PBXGroup section */
		D954247C1867EF2F0099D260 = {
			isa = PBXGroup;
			children = (
				D954248E1867EF2F0099D260 /* CocoaDrawImage */,
				D95424A71867EF2F0099D260 /* CocoaDrawImageTests */,
				D95424871867EF2F0099D260 /* Frameworks */,
				D95424861867EF2F0099D260 /* Products */,
			);
			sourceTree = "<group>";
		};
		D95424861867EF2F0099D260 /* Products */ = {
			isa = PBXGroup;
			children = (
				D95424851867EF2F0099D260 /* CocoaDrawImage.app */,
				D95424A01867EF2F0099D260 /* CocoaDrawImageTests.xctest */,
			);
			name = Products;
			sourceTree = "<group>";
		};
		D95424871867EF2F0099D260 /* Frameworks */ = {
			isa = PBXGroup;
			children = (
				D9E87C20186AC9A700CEEE09 /* AssetsLibrary.framework */,
				D95424881867EF2F0099D260 /* Foundation.framework */,
				D954248A1867EF2F0099D260 /* CoreGraphics.framework */,
				D954248C1867EF2F0099D260 /* UIKit.framework */,
				D95424A11867EF2F0099D260 /* XCTest.framework */,
			);
			name = Frameworks;
			sourceTree = "<group>";
		};
		D954248E1867EF2F0099D260 /* CocoaDrawImage */ = {
			isa = PBXGroup;
			children = (
				D95424971867EF2F0099D260 /* AppDelegate.h */,
				D95424981867EF2F0099D260 /* AppDelegate.m */,
				D9E87C18186A7CFD00CEEE09 /* night_comment_zan_icon_pre@2x.png */,
				D9E87C141869903B00CEEE09 /* login_normal.png */,
				D9E87C151869903B00CEEE09 /* login_normal@2x.png */,
				D9E87C1218698E7100CEEE09 /* login_qq_icon.png */,
				D9E87C0E1869427700CEEE09 /* login_qq_icon@2x.png */,
				D9E87C1A186A7F1E00CEEE09 /* girl.jpg */,
				D9E87C1C186A86B000CEEE09 /* image.png */,
				D95424C2186840470099D260 /* Views */,
				D95424B71867EF7E0099D260 /* Controllers */,
				D954249A1867EF2F0099D260 /* Images.xcassets */,
				D954248F1867EF2F0099D260 /* Supporting Files */,
			);
			path = CocoaDrawImage;
			sourceTree = "<group>";
		};
		D954248F1867EF2F0099D260 /* Supporting Files */ = {
			isa = PBXGroup;
			children = (
				D95424901867EF2F0099D260 /* CocoaDrawImage-Info.plist */,
				D95424911867EF2F0099D260 /* InfoPlist.strings */,
				D95424941867EF2F0099D260 /* main.m */,
				D95424961867EF2F0099D260 /* CocoaDrawImage-Prefix.pch */,
			);
			name = "Supporting Files";
			sourceTree = "<group>";
		};
		D95424A71867EF2F0099D260 /* CocoaDrawImageTests */ = {
			isa = PBXGroup;
			children = (
				D95424AD1867EF2F0099D260 /* CocoaDrawImageTests.m */,
				D95424A81867EF2F0099D260 /* Supporting Files */,
			);
			path = CocoaDrawImageTests;
			sourceTree = "<group>";
		};
		D95424A81867EF2F0099D260 /* Supporting Files */ = {
			isa = PBXGroup;
			children = (
				D95424A91867EF2F0099D260 /* CocoaDrawImageTests-Info.plist */,
				D95424AA1867EF2F0099D260 /* InfoPlist.strings */,
			);
			name = "Supporting Files";
			sourceTree = "<group>";
		};
		D95424B71867EF7E0099D260 /* Controllers */ = {
			isa = PBXGroup;
			children = (
				D95424B81867EF7E0099D260 /* FirstViewController.h */,
				D95424B91867EF7E0099D260 /* FirstViewController.m */,
				D95424BA1867EF7E0099D260 /* FirstViewController.xib */,
				D95424BB1867EF7E0099D260 /* SecondViewController.h */,
				D95424BC1867EF7E0099D260 /* SecondViewController.m */,
				D95424BD1867EF7E0099D260 /* SecondViewController.xib */,
			);
			path = Controllers;
			sourceTree = "<group>";
		};
		D95424C2186840470099D260 /* Views */ = {
			isa = PBXGroup;
			children = (
				D95424C3186840660099D260 /* FirstView.h */,
				D95424C4186840660099D260 /* FirstView.m */,
			);
			path = Views;
			sourceTree = "<group>";
		};
/* End PBXGroup section */

/* Begin PBXNativeTarget section */
		D95424841867EF2F0099D260 /* CocoaDrawImage */ = {
			isa = PBXNativeTarget;
			buildConfigurationList = D95424B11867EF2F0099D260 /* Build configuration list for PBXNativeTarget "CocoaDrawImage" */;
			buildPhases = (
				D95424811867EF2F0099D260 /* Sources */,
				D95424821867EF2F0099D260 /* Frameworks */,
				D95424831867EF2F0099D260 /* Resources */,
			);
			buildRules = (
			);
			dependencies = (
			);
			name = CocoaDrawImage;
			productName = CocoaDrawImage;
			productReference = D95424851867EF2F0099D260 /* CocoaDrawImage.app */;
			productType = "com.apple.product-type.application";
		};
		D954249F1867EF2F0099D260 /* CocoaDrawImageTests */ = {
			isa = PBXNativeTarget;
			buildConfigurationList = D95424B41867EF2F0099D260 /* Build configuration list for PBXNativeTarget "CocoaDrawImageTests" */;
			buildPhases = (
				D954249C1867EF2F0099D260 /* Sources */,
				D954249D1867EF2F0099D260 /* Frameworks */,
				D954249E1867EF2F0099D260 /* Resources */,
			);
			buildRules = (
			);
			dependencies = (
				D95424A61867EF2F0099D260 /* PBXTargetDependency */,
			);
			name = CocoaDrawImageTests;
			productName = CocoaDrawImageTests;
			productReference = D95424A01867EF2F0099D260 /* CocoaDrawImageTests.xctest */;
			productType = "com.apple.product-type.bundle.unit-test";
		};
/* End PBXNativeTarget section */

/* Begin PBXProject section */
		D954247D1867EF2F0099D260 /* Project object */ = {
			isa = PBXProject;
			attributes = {
				LastUpgradeCheck = 0500;
				ORGANIZATIONNAME = Maybe;
				TargetAttributes = {
					D954249F1867EF2F0099D260 = {
						TestTargetID = D95424841867EF2F0099D260;
					};
				};
			};
			buildConfigurationList = D95424801867EF2F0099D260 /* Build configuration list for PBXProject "CocoaDrawImage" */;
			compatibilityVersion = "Xcode 3.2";
			developmentRegion = English;
			hasScannedForEncodings = 0;
			knownRegions = (
				en,
			);
			mainGroup = D954247C1867EF2F0099D260;
			productRefGroup = D95424861867EF2F0099D260 /* Products */;
			projectDirPath = "";
			projectRoot = "";
			targets = (
				D95424841867EF2F0099D260 /* CocoaDrawImage */,
				D954249F1867EF2F0099D260 /* CocoaDrawImageTests */,
			);
		};
/* End PBXProject section */

/* Begin PBXResourcesBuildPhase section */
		D95424831867EF2F0099D260 /* Resources */ = {
			isa = PBXResourcesBuildPhase;
			buildActionMask = 2147483647;
			files = (
				D95424C11867EF7E0099D260 /* SecondViewController.xib in Resources */,
				D9E87C1D186A86B000CEEE09 /* image.png in Resources */,
				D9E87C1B186A7F1E00CEEE09 /* girl.jpg in Resources */,
				D95424931867EF2F0099D260 /* InfoPlist.strings in Resources */,
				D9E87C19186A7CFD00CEEE09 /* night_comment_zan_icon_pre@2x.png in Resources */,
				D95424BF1867EF7E0099D260 /* FirstViewController.xib in Resources */,
				D9E87C161869903B00CEEE09 /* login_normal.png in Resources */,
				D9E87C171869903B00CEEE09 /* login_normal@2x.png in Resources */,
				D9E87C1318698E7100CEEE09 /* login_qq_icon.png in Resources */,
				D954249B1867EF2F0099D260 /* Images.xcassets in Resources */,
				D9E87C0F1869427700CEEE09 /* login_qq_icon@2x.png in Resources */,
			);
			runOnlyForDeploymentPostprocessing = 0;
		};
		D954249E1867EF2F0099D260 /* Resources */ = {
			isa = PBXResourcesBuildPhase;
			buildActionMask = 2147483647;
			files = (
				D95424AC1867EF2F0099D260 /* InfoPlist.strings in Resources */,
			);
			runOnlyForDeploymentPostprocessing = 0;
		};
/* End PBXResourcesBuildPhase section */

/* Begin PBXSourcesBuildPhase section */
		D95424811867EF2F0099D260 /* Sources */ = {
			isa = PBXSourcesBuildPhase;
			buildActionMask = 2147483647;
			files = (
				D95424C01867EF7E0099D260 /* SecondViewController.m in Sources */,
				D95424991867EF2F0099D260 /* AppDelegate.m in Sources */,
				D95424C5186840660099D260 /* FirstView.m in Sources */,
				D95424BE1867EF7E0099D260 /* FirstViewController.m in Sources */,
				D95424951867EF2F0099D260 /* main.m in Sources */,
			);
			runOnlyForDeploymentPostprocessing = 0;
		};
		D954249C1867EF2F0099D260 /* Sources */ = {
			isa = PBXSourcesBuildPhase;
			buildActionMask = 2147483647;
			files = (
				D95424AE1867EF2F0099D260 /* CocoaDrawImageTests.m in Sources */,
			);
			runOnlyForDeploymentPostprocessing = 0;
		};
/* End PBXSourcesBuildPhase section */

/* Begin PBXTargetDependency section */
		D95424A61867EF2F0099D260 /* PBXTargetDependency */ = {
			isa = PBXTargetDependency;
			target = D95424841867EF2F0099D260 /* CocoaDrawImage */;
			targetProxy = D95424A51867EF2F0099D260 /* PBXContainerItemProxy */;
		};
/* End PBXTargetDependency section */

/* Begin PBXVariantGroup section */
		D95424911867EF2F0099D260 /* InfoPlist.strings */ = {
			isa = PBXVariantGroup;
			children = (
				D95424921867EF2F0099D260 /* en */,
			);
			name = InfoPlist.strings;
			sourceTree = "<group>";
		};
		D95424AA1867EF2F0099D260 /* InfoPlist.strings */ = {
			isa = PBXVariantGroup;
			children = (
				D95424AB1867EF2F0099D260 /* en */,
			);
			name = InfoPlist.strings;
			sourceTree = "<group>";
		};
/* End PBXVariantGroup section */

/* Begin XCBuildConfiguration section */
		D95424AF1867EF2F0099D260 /* Debug */ = {
			isa = XCBuildConfiguration;
			buildSettings = {
				ALWAYS_SEARCH_USER_PATHS = NO;
				ARCHS = "$(ARCHS_STANDARD_INCLUDING_64_BIT)";
				CLANG_CXX_LANGUAGE_STANDARD = "gnu++0x";
				CLANG_CXX_LIBRARY = "libc++";
				CLANG_ENABLE_MODULES = YES;
				CLANG_ENABLE_OBJC_ARC = YES;
				CLANG_WARN_BOOL_CONVERSION = YES;
				CLANG_WARN_CONSTANT_CONVERSION = YES;
				CLANG_WARN_DIRECT_OBJC_ISA_USAGE = YES_ERROR;
				CLANG_WARN_EMPTY_BODY = YES;
				CLANG_WARN_ENUM_CONVERSION = YES;
				CLANG_WARN_INT_CONVERSION = YES;
				CLANG_WARN_OBJC_ROOT_CLASS = YES_ERROR;
				CLANG_WARN__DUPLICATE_METHOD_MATCH = YES;
				"CODE_SIGN_IDENTITY[sdk=iphoneos*]" = "iPhone Developer";
				COPY_PHASE_STRIP = NO;
				GCC_C_LANGUAGE_STANDARD = gnu99;
				GCC_DYNAMIC_NO_PIC = NO;
				GCC_OPTIMIZATION_LEVEL = 0;
				GCC_PREPROCESSOR_DEFINITIONS = (
					"DEBUG=1",
					"$(inherited)",
				);
				GCC_SYMBOLS_PRIVATE_EXTERN = NO;
				GCC_WARN_64_TO_32_BIT_CONVERSION = YES;
				GCC_WARN_ABOUT_RETURN_TYPE = YES_ERROR;
				GCC_WARN_UNDECLARED_SELECTOR = YES;
				GCC_WARN_UNINITIALIZED_AUTOS = YES;
				GCC_WARN_UNUSED_FUNCTION = YES;
				GCC_WARN_UNUSED_VARIABLE = YES;
				IPHONEOS_DEPLOYMENT_TARGET = 6.0;
				ONLY_ACTIVE_ARCH = YES;
				SDKROOT = iphoneos;
				TARGETED_DEVICE_FAMILY = "1,2";
			};
			name = Debug;
		};
		D95424B01867EF2F0099D260 /* Release */ = {
			isa = XCBuildConfiguration;
			buildSettings = {
				ALWAYS_SEARCH_USER_PATHS = NO;
				ARCHS = "$(ARCHS_STANDARD_INCLUDING_64_BIT)";
				CLANG_CXX_LANGUAGE_STANDARD = "gnu++0x";
				CLANG_CXX_LIBRARY = "libc++";
				CLANG_ENABLE_MODULES = YES;
				CLANG_ENABLE_OBJC_ARC = YES;
				CLANG_WARN_BOOL_CONVERSION = YES;
				CLANG_WARN_CONSTANT_CONVERSION = YES;
				CLANG_WARN_DIRECT_OBJC_ISA_USAGE = YES_ERROR;
				CLANG_WARN_EMPTY_BODY = YES;
				CLANG_WARN_ENUM_CONVERSION = YES;
				CLANG_WARN_INT_CONVERSION = YES;
				CLANG_WARN_OBJC_ROOT_CLASS = YES_ERROR;
				CLANG_WARN__DUPLICATE_METHOD_MATCH = YES;
				"CODE_SIGN_IDENTITY[sdk=iphoneos*]" = "iPhone Developer";
				COPY_PHASE_STRIP = YES;
				ENABLE_NS_ASSERTIONS = NO;
				GCC_C_LANGUAGE_STANDARD = gnu99;
				GCC_WARN_64_TO_32_BIT_CONVERSION = YES;
				GCC_WARN_ABOUT_RETURN_TYPE = YES_ERROR;
				GCC_WARN_UNDECLARED_SELECTOR = YES;
				GCC_WARN_UNINITIALIZED_AUTOS = YES;
				GCC_WARN_UNUSED_FUNCTION = YES;
				GCC_WARN_UNUSED_VARIABLE = YES;
				IPHONEOS_DEPLOYMENT_TARGET = 6.0;
				SDKROOT = iphoneos;
				TARGETED_DEVICE_FAMILY = "1,2";
				VALIDATE_PRODUCT = YES;
			};
			name = Release;
		};
		D95424B21867EF2F0099D260 /* Debug */ = {
			isa = XCBuildConfiguration;
			buildSettings = {
				ASSETCATALOG_COMPILER_APPICON_NAME = AppIcon;
				ASSETCATALOG_COMPILER_LAUNCHIMAGE_NAME = LaunchImage;
				GCC_PRECOMPILE_PREFIX_HEADER = YES;
				GCC_PREFIX_HEADER = "CocoaDrawImage/CocoaDrawImage-Prefix.pch";
				INFOPLIST_FILE = "CocoaDrawImage/CocoaDrawImage-Info.plist";
				PRODUCT_NAME = "$(TARGET_NAME)";
				TARGETED_DEVICE_FAMILY = 1;
				WRAPPER_EXTENSION = app;
			};
			name = Debug;
		};
		D95424B31867EF2F0099D260 /* Release */ = {
			isa = XCBuildConfiguration;
			buildSettings = {
				ASSETCATALOG_COMPILER_APPICON_NAME = AppIcon;
				ASSETCATALOG_COMPILER_LAUNCHIMAGE_NAME = LaunchImage;
				GCC_PRECOMPILE_PREFIX_HEADER = YES;
				GCC_PREFIX_HEADER = "CocoaDrawImage/CocoaDrawImage-Prefix.pch";
				INFOPLIST_FILE = "CocoaDrawImage/CocoaDrawImage-Info.plist";
				PRODUCT_NAME = "$(TARGET_NAME)";
				TARGETED_DEVICE_FAMILY = 1;
				WRAPPER_EXTENSION = app;
			};
			name = Release;
		};
		D95424B51867EF2F0099D260 /* Debug */ = {
			isa = XCBuildConfiguration;
			buildSettings = {
				ARCHS = "$(ARCHS_STANDARD_INCLUDING_64_BIT)";
				BUNDLE_LOADER = "$(BUILT_PRODUCTS_DIR)/CocoaDrawImage.app/CocoaDrawImage";
				FRAMEWORK_SEARCH_PATHS = (
					"$(SDKROOT)/Developer/Library/Frameworks",
					"$(inherited)",
					"$(DEVELOPER_FRAMEWORKS_DIR)",
				);
				GCC_PRECOMPILE_PREFIX_HEADER = YES;
				GCC_PREFIX_HEADER = "CocoaDrawImage/CocoaDrawImage-Prefix.pch";
				GCC_PREPROCESSOR_DEFINITIONS = (
					"DEBUG=1",
					"$(inherited)",
				);
				INFOPLIST_FILE = "CocoaDrawImageTests/CocoaDrawImageTests-Info.plist";
				PRODUCT_NAME = "$(TARGET_NAME)";
				TEST_HOST = "$(BUNDLE_LOADER)";
				WRAPPER_EXTENSION = xctest;
			};
			name = Debug;
		};
		D95424B61867EF2F0099D260 /* Release */ = {
			isa = XCBuildConfiguration;
			buildSettings = {
				ARCHS = "$(ARCHS_STANDARD_INCLUDING_64_BIT)";
				BUNDLE_LOADER = "$(BUILT_PRODUCTS_DIR)/CocoaDrawImage.app/CocoaDrawImage";
				FRAMEWORK_SEARCH_PATHS = (
					"$(SDKROOT)/Developer/Library/Frameworks",
					"$(inherited)",
					"$(DEVELOPER_FRAMEWORKS_DIR)",
				);
				GCC_PRECOMPILE_PREFIX_HEADER = YES;
				GCC_PREFIX_HEADER = "CocoaDrawImage/CocoaDrawImage-Prefix.pch";
				INFOPLIST_FILE = "CocoaDrawImageTests/CocoaDrawImageTests-Info.plist";
				PRODUCT_NAME = "$(TARGET_NAME)";
				TEST_HOST = "$(BUNDLE_LOADER)";
				WRAPPER_EXTENSION = xctest;
			};
			name = Release;
		};
/* End XCBuildConfiguration section */

/* Begin XCConfigurationList section */
		D95424801867EF2F0099D260 /* Build configuration list for PBXProject "CocoaDrawImage" */ = {
			isa = XCConfigurationList;
			buildConfigurations = (
				D95424AF1867EF2F0099D260 /* Debug */,
				D95424B01867EF2F0099D260 /* Release */,
			);
			defaultConfigurationIsVisible = 0;
			defaultConfigurationName = Release;
		};
		D95424B11867EF2F0099D260 /* Build configuration list for PBXNativeTarget "CocoaDrawImage" */ = {
			isa = XCConfigurationList;
			buildConfigurations = (
				D95424B21867EF2F0099D260 /* Debug */,
				D95424B31867EF2F0099D260 /* Release */,
			);
			defaultConfigurationIsVisible = 0;
			defaultConfigurationName = Release;
		};
		D95424B41867EF2F0099D260 /* Build configuration list for PBXNativeTarget "CocoaDrawImageTests" */ = {
			isa = XCConfigurationList;
			buildConfigurations = (
				D95424B51867EF2F0099D260 /* Debug */,
				D95424B61867EF2F0099D260 /* Release */,
			);
			defaultConfigurationIsVisible = 0;
			defaultConfigurationName = Release;
		};
/* End XCConfigurationList section */
	};
	rootObject = D954247D1867EF2F0099D260 /* Project object */;
}
